
Microsoft Visual Studio Solution File, Format Version 12.00
# Visual Studio Version 17
VisualStudioVersion = 17.13.35818.85 d17.13
MinimumVisualStudioVersion = 10.0.40219.1
Project("{FAE04EC0-301F-11D3-BF4B-00C04F79EFBC}") = "Weather Station", "Weather Station\Weather Station.csproj", "{C19E44AF-94EE-4876-856B-48FDAF37FE1A}"
EndProject
Global
	GlobalSection(SolutionConfigurationPlatforms) = preSolution
		Debug|Any CPU = Debug|Any CPU
		Release|Any CPU = Release|Any CPU
	EndGlobalSection
	GlobalSection(ProjectConfigurationPlatforms) = postSolution
		{C19E44AF-94EE-4876-856B-48FDAF37FE1A}.Debug|Any CPU.ActiveCfg = Debug|Any CPU
		{C19E44AF-94EE-4876-856B-48FDAF37FE1A}.Debug|Any CPU.Build.0 = Debug|Any CPU
		{C19E44AF-94EE-4876-856B-48FDAF37FE1A}.Debug|Any CPU.Deploy.0 = Debug|Any CPU
		{C19E44AF-94EE-4876-856B-48FDAF37FE1A}.Release|Any CPU.ActiveCfg = Release|Any CPU
		{C19E44AF-94EE-4876-856B-48FDAF37FE1A}.Release|Any CPU.Build.0 = Release|Any CPU
		{C19E44AF-94EE-4876-856B-48FDAF37FE1A}.Release|Any CPU.Deploy.0 = Release|Any CPU
	EndGlobalSection
	GlobalSection(SolutionProperties) = preSolution
		HideSolutionNode = FALSE
	EndGlobalSection
	GlobalSection(ExtensibilityGlobals) = postSolution
		SolutionGuid = {0E12AF4A-FB56-4613-B194-B7D2E7022FD5}
	EndGlobalSection
EndGlobal
